
Microsoft Visual Studio Solution File, Format Version 12.00
# Visual Studio 2012
Project("{9092AA53-FB77-4645-B42D-1CCCA6BD08BD}") = "ResistanceWeb", "ResistanceWeb\ResistanceWeb.njsproj", "{DD6B07F9-C3A6-41AB-9EDC-F2A04BDAA4F4}"
EndProject
Global
	GlobalSection(SolutionConfigurationPlatforms) = preSolution
		Debug|Any CPU = Debug|Any CPU
		Release|Any CPU = Release|Any CPU
	EndGlobalSection
	GlobalSection(ProjectConfigurationPlatforms) = postSolution
		{DD6B07F9-C3A6-41AB-9EDC-F2A04BDAA4F4}.Debug|Any CPU.ActiveCfg = Debug|Any CPU
		{DD6B07F9-C3A6-41AB-9EDC-F2A04BDAA4F4}.Debug|Any CPU.Build.0 = Debug|Any CPU
		{DD6B07F9-C3A6-41AB-9EDC-F2A04BDAA4F4}.Release|Any CPU.ActiveCfg = Release|Any CPU
		{DD6B07F9-C3A6-41AB-9EDC-F2A04BDAA4F4}.Release|Any CPU.Build.0 = Release|Any CPU
	EndGlobalSection
	GlobalSection(SolutionProperties) = preSolution
		HideSolutionNode = FALSE
	EndGlobalSection
EndGlobal
